
Microsoft Visual Studio Solution File, Format Version 11.00
# Visual Studio 2010
Project("{FAE04EC0-301F-11D3-BF4B-00C04F79EFBC}") = "sBlog.Net", "sBlog.Net\sBlog.Net.csproj", "{DC507F49-A83A-4F00-952C-0E6068698237}"
EndProject
Project("{FAE04EC0-301F-11D3-BF4B-00C04F79EFBC}") = "sBlog.Net.Tests", "sBlog.Net.Tests\sBlog.Net.Tests.csproj", "{4F7F8BBC-C9AB-42B6-A7CD-47D501445FA6}"
EndProject
Project("{FAE04EC0-301F-11D3-BF4B-00C04F79EFBC}") = "sBlog.Net.Domain", "sBlog.Net.Domain\sBlog.Net.Domain.csproj", "{B8FBB6E2-F283-45E4-ADBA-3010F5323B89}"
EndProject
Project("{FAE04EC0-301F-11D3-BF4B-00C04F79EFBC}") = "MVCSocialHelper", "MVCSocialHelper\MVCSocialHelper.csproj", "{2C3E0B68-C70C-44B4-B391-85A868F7CEC9}"
EndProject
Project("{FAE04EC0-301F-11D3-BF4B-00C04F79EFBC}") = "sBlog.Net.DB", "sBlog.Net.DB\sBlog.Net.DB.csproj", "{5875ABD8-5F6C-4F12-B938-E8E82E79DEF1}"
EndProject
Project("{2150E333-8FDC-42A3-9474-1A3956D46DE8}") = "Solution Items", "Solution Items", "{492D9B6B-A895-4F5D-B272-A323F71E9034}"
	ProjectSection(SolutionItems) = preProject
		Credits.txt = Credits.txt
		License.txt = License.txt
		Local.testsettings = Local.testsettings
		README.md = README.md
		sBlog.Net.vsmdi = sBlog.Net.vsmdi
		TraceAndTestImpact.testsettings = TraceAndTestImpact.testsettings
		Version.txt = Version.txt
	EndProjectSection
EndProject
Project("{FAE04EC0-301F-11D3-BF4B-00C04F79EFBC}") = "sBlog.Net.Akismet", "sBlog.Net.Akismet\sBlog.Net.Akismet.csproj", "{BF9A2FB1-604B-4185-847F-0C4FDB04739A}"
EndProject
Project("{FAE04EC0-301F-11D3-BF4B-00C04F79EFBC}") = "sBlog.Net.MetaData", "sBlog.Net.MetaData\sBlog.Net.MetaData.csproj", "{5463815F-1105-4C86-8E01-D7EC06335907}"
EndProject
Project("{FAE04EC0-301F-11D3-BF4B-00C04F79EFBC}") = "sBlog.Net.Tools", "sBlog.Net.Tools\sBlog.Net.Tools.csproj", "{0EE92EB7-3179-450F-8FED-9A30DD9E7606}"
EndProject
Global
	GlobalSection(TestCaseManagementSettings) = postSolution
		CategoryFile = sBlog.Net.vsmdi
	EndGlobalSection
	GlobalSection(SolutionConfigurationPlatforms) = preSolution
		Debug|Any CPU = Debug|Any CPU
		Release|Any CPU = Release|Any CPU
	EndGlobalSection
	GlobalSection(ProjectConfigurationPlatforms) = postSolution
		{DC507F49-A83A-4F00-952C-0E6068698237}.Debug|Any CPU.ActiveCfg = Debug|Any CPU
		{DC507F49-A83A-4F00-952C-0E6068698237}.Debug|Any CPU.Build.0 = Debug|Any CPU
		{DC507F49-A83A-4F00-952C-0E6068698237}.Release|Any CPU.ActiveCfg = Release|Any CPU
		{DC507F49-A83A-4F00-952C-0E6068698237}.Release|Any CPU.Build.0 = Release|Any CPU
		{4F7F8BBC-C9AB-42B6-A7CD-47D501445FA6}.Debug|Any CPU.ActiveCfg = Debug|Any CPU
		{4F7F8BBC-C9AB-42B6-A7CD-47D501445FA6}.Debug|Any CPU.Build.0 = Debug|Any CPU
		{4F7F8BBC-C9AB-42B6-A7CD-47D501445FA6}.Release|Any CPU.ActiveCfg = Release|Any CPU
		{4F7F8BBC-C9AB-42B6-A7CD-47D501445FA6}.Release|Any CPU.Build.0 = Release|Any CPU
		{B8FBB6E2-F283-45E4-ADBA-3010F5323B89}.Debug|Any CPU.ActiveCfg = Debug|Any CPU
		{B8FBB6E2-F283-45E4-ADBA-3010F5323B89}.Debug|Any CPU.Build.0 = Debug|Any CPU
		{B8FBB6E2-F283-45E4-ADBA-3010F5323B89}.Release|Any CPU.ActiveCfg = Release|Any CPU
		{B8FBB6E2-F283-45E4-ADBA-3010F5323B89}.Release|Any CPU.Build.0 = Release|Any CPU
		{2C3E0B68-C70C-44B4-B391-85A868F7CEC9}.Debug|Any CPU.ActiveCfg = Debug|Any CPU
		{2C3E0B68-C70C-44B4-B391-85A868F7CEC9}.Debug|Any CPU.Build.0 = Debug|Any CPU
		{2C3E0B68-C70C-44B4-B391-85A868F7CEC9}.Release|Any CPU.ActiveCfg = Release|Any CPU
		{2C3E0B68-C70C-44B4-B391-85A868F7CEC9}.Release|Any CPU.Build.0 = Release|Any CPU
		{5875ABD8-5F6C-4F12-B938-E8E82E79DEF1}.Debug|Any CPU.ActiveCfg = Debug|Any CPU
		{5875ABD8-5F6C-4F12-B938-E8E82E79DEF1}.Debug|Any CPU.Build.0 = Debug|Any CPU
		{5875ABD8-5F6C-4F12-B938-E8E82E79DEF1}.Release|Any CPU.ActiveCfg = Release|Any CPU
		{5875ABD8-5F6C-4F12-B938-E8E82E79DEF1}.Release|Any CPU.Build.0 = Release|Any CPU
		{BF9A2FB1-604B-4185-847F-0C4FDB04739A}.Debug|Any CPU.ActiveCfg = Debug|Any CPU
		{BF9A2FB1-604B-4185-847F-0C4FDB04739A}.Debug|Any CPU.Build.0 = Debug|Any CPU
		{BF9A2FB1-604B-4185-847F-0C4FDB04739A}.Release|Any CPU.ActiveCfg = Release|Any CPU
		{BF9A2FB1-604B-4185-847F-0C4FDB04739A}.Release|Any CPU.Build.0 = Release|Any CPU
		{5463815F-1105-4C86-8E01-D7EC06335907}.Debug|Any CPU.ActiveCfg = Debug|Any CPU
		{5463815F-1105-4C86-8E01-D7EC06335907}.Debug|Any CPU.Build.0 = Debug|Any CPU
		{5463815F-1105-4C86-8E01-D7EC06335907}.Release|Any CPU.ActiveCfg = Release|Any CPU
		{5463815F-1105-4C86-8E01-D7EC06335907}.Release|Any CPU.Build.0 = Release|Any CPU
		{0EE92EB7-3179-450F-8FED-9A30DD9E7606}.Debug|Any CPU.ActiveCfg = Debug|Any CPU
		{0EE92EB7-3179-450F-8FED-9A30DD9E7606}.Debug|Any CPU.Build.0 = Debug|Any CPU
		{0EE92EB7-3179-450F-8FED-9A30DD9E7606}.Release|Any CPU.ActiveCfg = Release|Any CPU
		{0EE92EB7-3179-450F-8FED-9A30DD9E7606}.Release|Any CPU.Build.0 = Release|Any CPU
	EndGlobalSection
	GlobalSection(SolutionProperties) = preSolution
		HideSolutionNode = FALSE
	EndGlobalSection
EndGlobal
